<?xml version="1.0" encoding="UTF-8"?>
<Scheme
   LastUpgradeVersion = "0460"
   version = "1.3">
   <BuildAction
      parallelizeBuildables = "YES"
      buildImplicitDependencies = "YES">
      <BuildActionEntries>
         <BuildActionEntry
            buildForTesting = "YES"
            buildForRunning = "YES"
            buildForProfiling = "YES"
            buildForArchiving = "YES"
            buildForAnalyzing = "YES">
            <BuildableReference
               BuildableIdentifier = "primary"
               BlueprintIdentifier = "8DD76FA90486AB0100D96B5E"
               BuildableName = "libXlsTester"
               BlueprintName = "libXlsTester"
               ReferencedContainer = "container:libXlsTester.xcodeproj">
            </BuildableReference>
         </BuildActionEntry>
      </BuildActionEntries>
   </BuildAction>
   <TestAction
      selectedDebuggerIdentifier = "Xcode.DebuggerFoundation.Debugger.LLDB"
      selectedLauncherIdentifier = "Xcode.DebuggerFoundation.Launcher.GDB"
      shouldUseLaunchSchemeArgsEnv = "YES"
      buildConfiguration = "Debug">
      <Testables>
      </Testables>
      <MacroExpansion>
         <BuildableReference
            BuildableIdentifier = "primary"
            BlueprintIdentifier = "8DD76FA90486AB0100D96B5E"
            BuildableName = "libXlsTester"
            BlueprintName = "libXlsTester"
            ReferencedContainer = "container:libXlsTester.xcodeproj">
         </BuildableReference>
      </MacroExpansion>
   </TestAction>
   <LaunchAction
      selectedDebuggerIdentifier = "Xcode.DebuggerFoundation.Debugger.LLDB"
      selectedLauncherIdentifier = "Xcode.DebuggerFoundation.Launcher.LLDB"
      launchStyle = "0"
      useCustomWorkingDirectory = "NO"
      buildConfiguration = "Release"
      ignoresPersistentStateOnLaunch = "NO"
      debugDocumentVersioning = "YES"
      allowLocationSimulation = "YES">
      <BuildableProductRunnable>
         <BuildableReference
            BuildableIdentifier = "primary"
            BlueprintIdentifier = "8DD76FA90486AB0100D96B5E"
            BuildableName = "libXlsTester"
            BlueprintName = "libXlsTester"
            ReferencedContainer = "container:libXlsTester.xcodeproj">
         </BuildableReference>
      </BuildableProductRunnable>
      <CommandLineArguments>
         <CommandLineArgument
            argument = "/tmp/PHOTO.xls"
            isEnabled = "NO">
         </CommandLineArgument>
         <CommandLineArgument
            argument = "/tmp/xls.xls"
            isEnabled = "YES">
         </CommandLineArgument>
         <CommandLineArgument
            argument = "fooper.xls"
            isEnabled = "NO">
         </CommandLineArgument>
         <CommandLineArgument
            argument = "test.xls"
            isEnabled = "NO">
         </CommandLineArgument>
         <CommandLineArgument
            argument = "3sheetBIFF5.xls"
            isEnabled = "NO">
         </CommandLineArgument>
         <CommandLineArgument
            argument = "3sheetBIFF8.xls"
            isEnabled = "NO">
         </CommandLineArgument>
         <CommandLineArgument
            argument = "country.xls"
            isEnabled = "NO">
         </CommandLineArgument>
         <CommandLineArgument
            argument = "country95.xls"
            isEnabled = "NO">
         </CommandLineArgument>
         <CommandLineArgument
            argument = "origTest.xls"
            isEnabled = "NO">
         </CommandLineArgument>
         <CommandLineArgument
            argument = "example.xls"
            isEnabled = "NO">
         </CommandLineArgument>
         <CommandLineArgument
            argument = "BIFF8_BIG.xls"
            isEnabled = "NO">
         </CommandLineArgument>
         <CommandLineArgument
            argument = "BIFF8_SMALL.xls"
            isEnabled = "NO">
         </CommandLineArgument>
         <CommandLineArgument
            argument = "CHART.xls"
            isEnabled = "NO">
         </CommandLineArgument>
         <CommandLineArgument
            argument = "blank1.xls"
            isEnabled = "NO">
         </CommandLineArgument>
         <CommandLineArgument
            argument = "EMPTY.xls"
            isEnabled = "NO">
         </CommandLineArgument>
         <CommandLineArgument
            argument = "blank.xls"
            isEnabled = "NO">
         </CommandLineArgument>
         <CommandLineArgument
            argument = "Excel2004.xls"
            isEnabled = "NO">
         </CommandLineArgument>
         <CommandLineArgument
            argument = "NewEmpty2004.xls"
            isEnabled = "NO">
         </CommandLineArgument>
         <CommandLineArgument
            argument = "David.xls"
            isEnabled = "NO">
         </CommandLineArgument>
         <CommandLineArgument
            argument = "MergedCells.xls"
            isEnabled = "NO">
         </CommandLineArgument>
         <CommandLineArgument
            argument = "David2.xls"
            isEnabled = "NO">
         </CommandLineArgument>
         <CommandLineArgument
            argument = "/Volumes/Data/Users/dhoerl/Downloads/libxls.xls"
            isEnabled = "NO">
         </CommandLineArgument>
         <CommandLineArgument
            argument = "/Volumes/Data/Users/dhoerl/Desktop/Nwind2.xls"
            isEnabled = "NO">
         </CommandLineArgument>
      </CommandLineArguments>
      <EnvironmentVariables>
         <EnvironmentVariable
            key = "MallocGuardEdges"
            value = ""
            isEnabled = "YES">
         </EnvironmentVariable>
         <EnvironmentVariable
            key = "MallocScribble"
            value = ""
            isEnabled = "NO">
         </EnvironmentVariable>
         <EnvironmentVariable
            key = "MallocPreScribble"
            value = ""
            isEnabled = "NO">
         </EnvironmentVariable>
      </EnvironmentVariables>
      <AdditionalOptions>
      </AdditionalOptions>
   </LaunchAction>
   <ProfileAction
      shouldUseLaunchSchemeArgsEnv = "YES"
      savedToolIdentifier = ""
      useCustomWorkingDirectory = "NO"
      buildConfiguration = "Release"
      debugDocumentVersioning = "YES">
      <BuildableProductRunnable>
         <BuildableReference
            BuildableIdentifier = "primary"
            BlueprintIdentifier = "8DD76FA90486AB0100D96B5E"
            BuildableName = "libXlsTester"
            BlueprintName = "libXlsTester"
            ReferencedContainer = "container:libXlsTester.xcodeproj">
         </BuildableReference>
      </BuildableProductRunnable>
   </ProfileAction>
   <AnalyzeAction
      buildConfiguration = "Debug">
   </AnalyzeAction>
   <ArchiveAction
      buildConfiguration = "Release"
      revealArchiveInOrganizer = "YES">
   </ArchiveAction>
</Scheme>
