// !$*UTF8*$!
{
	archiveVersion = 1;
	classes = {
	};
	objectVersion = 46;
	objects = {

/* Begin PBXBuildFile section */
		DE26331E1881CF800022FB26 /* xlsformula.c in Sources */ = {isa = PBXBuildFile; fileRef = DE26331C1881CF800022FB26 /* xlsformula.c */; };
		DE63B80C1737EDAF00CCFACC /* main.c in Sources */ = {isa = PBXBuildFile; fileRef = DE63B80B1737EDAF00CCFACC /* main.c */; };
		DE63B80D1737EDDF00CCFACC /* getopt.c in Sources */ = {isa = PBXBuildFile; fileRef = DE63B8041737ED2800CCFACC /* getopt.c */; };
		DE63B80E1737EDE400CCFACC /* ole.c in Sources */ = {isa = PBXBuildFile; fileRef = DE63B8071737ED2800CCFACC /* ole.c */; };
		DE63B80F1737EDE900CCFACC /* xls.c in Sources */ = {isa = PBXBuildFile; fileRef = DE63B8081737ED2800CCFACC /* xls.c */; };
		DE63B8101737EDF300CCFACC /* xlstool.c in Sources */ = {isa = PBXBuildFile; fileRef = DE63B80A1737ED2800CCFACC /* xlstool.c */; };
		DE63B8131737EE6200CCFACC /* endian.c in Sources */ = {isa = PBXBuildFile; fileRef = DE63B8121737EE6200CCFACC /* endian.c */; };
		DE63B8141737EE6200CCFACC /* endian.c in Sources */ = {isa = PBXBuildFile; fileRef = DE63B8121737EE6200CCFACC /* endian.c */; };
		DE63B8151737EE6200CCFACC /* endian.c in Sources */ = {isa = PBXBuildFile; fileRef = DE63B8121737EE6200CCFACC /* endian.c */; };
		DE63B8161737EE6200CCFACC /* endian.c in Sources */ = {isa = PBXBuildFile; fileRef = DE63B8121737EE6200CCFACC /* endian.c */; };
		DE63B8171737EE6200CCFACC /* endian.c in Sources */ = {isa = PBXBuildFile; fileRef = DE63B8121737EE6200CCFACC /* endian.c */; };
		DE63B8181737EE6200CCFACC /* endian.c in Sources */ = {isa = PBXBuildFile; fileRef = DE63B8121737EE6200CCFACC /* endian.c */; };
		DE6F64E318845875002ABCE6 /* xls2csv.c in Sources */ = {isa = PBXBuildFile; fileRef = DE63B8091737ED2800CCFACC /* xls2csv.c */; };
		DE6F64E41884587E002ABCE6 /* XlsReader.cpp in Sources */ = {isa = PBXBuildFile; fileRef = DE63B7F41737ECC100CCFACC /* XlsReader.cpp */; };
		DE6F64E51884593D002ABCE6 /* getopt.c in Sources */ = {isa = PBXBuildFile; fileRef = DE63B8041737ED2800CCFACC /* getopt.c */; };
		DE6F64E618845942002ABCE6 /* ole.c in Sources */ = {isa = PBXBuildFile; fileRef = DE63B8071737ED2800CCFACC /* ole.c */; };
		DE6F64E718845947002ABCE6 /* xls.c in Sources */ = {isa = PBXBuildFile; fileRef = DE63B8081737ED2800CCFACC /* xls.c */; };
		DE6F64E81884594F002ABCE6 /* xlstool.c in Sources */ = {isa = PBXBuildFile; fileRef = DE63B80A1737ED2800CCFACC /* xlstool.c */; };
		DEA0C22D14B7235700BD129B /* libiconv.dylib in Frameworks */ = {isa = PBXBuildFile; fileRef = DEA0C22C14B7235700BD129B /* libiconv.dylib */; };
		DEA0C23E14B7250F00BD129B /* libxlsreader.a in Frameworks */ = {isa = PBXBuildFile; fileRef = DEA0C23D14B7250F00BD129B /* libxlsreader.a */; };
/* End PBXBuildFile section */

/* Begin PBXCopyFilesBuildPhase section */
		8DD76FAF0486AB0100D96B5E /* CopyFiles */ = {
			isa = PBXCopyFilesBuildPhase;
			buildActionMask = 8;
			dstPath = /usr/share/man/man1/;
			dstSubfolderSpec = 0;
			files = (
			);
			runOnlyForDeploymentPostprocessing = 1;
		};
		DEA0C23014B7245600BD129B /* CopyFiles */ = {
			isa = PBXCopyFilesBuildPhase;
			buildActionMask = 2147483647;
			dstPath = /usr/share/man/man1/;
			dstSubfolderSpec = 0;
			files = (
			);
			runOnlyForDeploymentPostprocessing = 1;
		};
		DED4375C14B4A3AB00EDDCB6 /* CopyFiles */ = {
			isa = PBXCopyFilesBuildPhase;
			buildActionMask = 2147483647;
			dstPath = /usr/share/man/man1/;
			dstSubfolderSpec = 0;
			files = (
			);
			runOnlyForDeploymentPostprocessing = 1;
		};
/* End PBXCopyFilesBuildPhase section */

/* Begin PBXFileReference section */
		8DD76FB20486AB0100D96B5E /* libXlsTester */ = {isa = PBXFileReference; explicitFileType = "compiled.mach-o.executable"; includeInIndex = 0; path = libXlsTester; sourceTree = BUILT_PRODUCTS_DIR; };
		DE2068E60F644D9500BBBD50 /* xlscsv */ = {isa = PBXFileReference; explicitFileType = "compiled.mach-o.executable"; includeInIndex = 0; path = xlscsv; sourceTree = BUILT_PRODUCTS_DIR; };
		DE2069080F644F1E00BBBD50 /* Test */ = {isa = PBXFileReference; explicitFileType = "compiled.mach-o.executable"; includeInIndex = 0; path = Test; sourceTree = BUILT_PRODUCTS_DIR; };
		DE2069200F644FEA00BBBD50 /* Test2 */ = {isa = PBXFileReference; explicitFileType = "compiled.mach-o.executable"; includeInIndex = 0; path = Test2; sourceTree = BUILT_PRODUCTS_DIR; };
		DE26331C1881CF800022FB26 /* xlsformula.c */ = {isa = PBXFileReference; fileEncoding = 4; lastKnownFileType = sourcecode.c.c; path = xlsformula.c; sourceTree = "<group>"; };
		DE26331D1881CF800022FB26 /* xlsformula.h */ = {isa = PBXFileReference; fileEncoding = 4; lastKnownFileType = sourcecode.c.h; path = xlsformula.h; sourceTree = "<group>"; };
		DE63B7EF1737EC7900CCFACC /* configure */ = {isa = PBXFileReference; lastKnownFileType = text.script.sh; lineEnding = 0; name = configure; path = ../libxls/configure; sourceTree = "<group>"; xcLanguageSpecificationIdentifier = xcode.lang.sh; };
		DE63B7F01737EC7900CCFACC /* configure.in */ = {isa = PBXFileReference; lastKnownFileType = text; name = configure.in; path = ../libxls/configure.in; sourceTree = "<group>"; };
		DE63B7F21737ECC100CCFACC /* main.cpp */ = {isa = PBXFileReference; lastKnownFileType = sourcecode.cpp.cpp; path = main.cpp; sourceTree = "<group>"; };
		DE63B7F31737ECC100CCFACC /* Makefile */ = {isa = PBXFileReference; lastKnownFileType = sourcecode.make; path = Makefile; sourceTree = "<group>"; };
		DE63B7F41737ECC100CCFACC /* XlsReader.cpp */ = {isa = PBXFileReference; lastKnownFileType = sourcecode.cpp.cpp; path = XlsReader.cpp; sourceTree = "<group>"; };
		DE63B7F51737ECC100CCFACC /* XlsReader.h */ = {isa = PBXFileReference; lastKnownFileType = sourcecode.c.h; lineEnding = 0; path = XlsReader.h; sourceTree = "<group>"; xcLanguageSpecificationIdentifier = xcode.lang.objcpp; };
		DE63B7F81737ECFA00CCFACC /* brdb.c.h */ = {isa = PBXFileReference; lastKnownFileType = sourcecode.c.h; path = brdb.c.h; sourceTree = "<group>"; };
		DE63B7F91737ECFA00CCFACC /* brdb.h */ = {isa = PBXFileReference; lastKnownFileType = sourcecode.c.h; path = brdb.h; sourceTree = "<group>"; };
		DE63B7FA1737ECFA00CCFACC /* Makefile.am */ = {isa = PBXFileReference; lastKnownFileType = text; path = Makefile.am; sourceTree = "<group>"; };
		DE63B7FB1737ECFA00CCFACC /* Makefile.in */ = {isa = PBXFileReference; lastKnownFileType = text; path = Makefile.in; sourceTree = "<group>"; };
		DE63B7FC1737ECFA00CCFACC /* ole.h */ = {isa = PBXFileReference; lastKnownFileType = sourcecode.c.h; path = ole.h; sourceTree = "<group>"; };
		DE63B7FD1737ECFA00CCFACC /* xls.h */ = {isa = PBXFileReference; lastKnownFileType = sourcecode.c.h; lineEnding = 0; path = xls.h; sourceTree = "<group>"; xcLanguageSpecificationIdentifier = xcode.lang.objcpp; };
		DE63B7FE1737ECFA00CCFACC /* xlsstruct.h */ = {isa = PBXFileReference; lastKnownFileType = sourcecode.c.h; path = xlsstruct.h; sourceTree = "<group>"; };
		DE63B7FF1737ECFA00CCFACC /* xlstool.h */ = {isa = PBXFileReference; lastKnownFileType = sourcecode.c.h; path = xlstool.h; sourceTree = "<group>"; };
		DE63B8001737ECFA00CCFACC /* xlstypes.h */ = {isa = PBXFileReference; lastKnownFileType = sourcecode.c.h; path = xlstypes.h; sourceTree = "<group>"; };
		DE63B8011737ECFA00CCFACC /* Makefile.am */ = {isa = PBXFileReference; lastKnownFileType = text; path = Makefile.am; sourceTree = "<group>"; };
		DE63B8021737ECFA00CCFACC /* Makefile.in */ = {isa = PBXFileReference; lastKnownFileType = text; path = Makefile.in; sourceTree = "<group>"; };
		DE63B8041737ED2800CCFACC /* getopt.c */ = {isa = PBXFileReference; lastKnownFileType = sourcecode.c.c; path = getopt.c; sourceTree = "<group>"; };
		DE63B8051737ED2800CCFACC /* Makefile.am */ = {isa = PBXFileReference; lastKnownFileType = text; path = Makefile.am; sourceTree = "<group>"; };
		DE63B8061737ED2800CCFACC /* Makefile.in */ = {isa = PBXFileReference; lastKnownFileType = text; path = Makefile.in; sourceTree = "<group>"; };
		DE63B8071737ED2800CCFACC /* ole.c */ = {isa = PBXFileReference; lastKnownFileType = sourcecode.c.c; lineEnding = 0; path = ole.c; sourceTree = "<group>"; xcLanguageSpecificationIdentifier = xcode.lang.c; };
		DE63B8081737ED2800CCFACC /* xls.c */ = {isa = PBXFileReference; lastKnownFileType = sourcecode.c.c; lineEnding = 0; path = xls.c; sourceTree = "<group>"; xcLanguageSpecificationIdentifier = xcode.lang.c; };
		DE63B8091737ED2800CCFACC /* xls2csv.c */ = {isa = PBXFileReference; lastKnownFileType = sourcecode.c.c; lineEnding = 0; path = xls2csv.c; sourceTree = "<group>"; xcLanguageSpecificationIdentifier = xcode.lang.c; };
		DE63B80A1737ED2800CCFACC /* xlstool.c */ = {isa = PBXFileReference; lastKnownFileType = sourcecode.c.c; lineEnding = 0; path = xlstool.c; sourceTree = "<group>"; xcLanguageSpecificationIdentifier = xcode.lang.c; };
		DE63B80B1737EDAF00CCFACC /* main.c */ = {isa = PBXFileReference; fileEncoding = 4; lastKnownFileType = sourcecode.c.c; path = main.c; sourceTree = "<group>"; };
		DE63B8111737EE4D00CCFACC /* endian.h */ = {isa = PBXFileReference; fileEncoding = 4; lastKnownFileType = sourcecode.c.h; lineEnding = 0; path = endian.h; sourceTree = "<group>"; xcLanguageSpecificationIdentifier = xcode.lang.objcpp; };
		DE63B8121737EE6200CCFACC /* endian.c */ = {isa = PBXFileReference; fileEncoding = 4; lastKnownFileType = sourcecode.c.c; lineEnding = 0; path = endian.c; sourceTree = "<group>"; xcLanguageSpecificationIdentifier = xcode.lang.c; };
		DE63B81917382DC000CCFACC /* config.h.in */ = {isa = PBXFileReference; lastKnownFileType = text; path = config.h.in; sourceTree = "<group>"; };
		DE63B81A17382DC000CCFACC /* Makefile.am */ = {isa = PBXFileReference; lastKnownFileType = text; path = Makefile.am; sourceTree = "<group>"; };
		DE63B81B173835AC00CCFACC /* Makefile.in */ = {isa = PBXFileReference; lastKnownFileType = text; path = Makefile.in; sourceTree = "<group>"; };
		DEA0C22C14B7235700BD129B /* libiconv.dylib */ = {isa = PBXFileReference; lastKnownFileType = "compiled.mach-o.dylib"; name = libiconv.dylib; path = usr/lib/libiconv.dylib; sourceTree = SDKROOT; };
		DEA0C23214B7245600BD129B /* XlsReader */ = {isa = PBXFileReference; explicitFileType = "compiled.mach-o.executable"; includeInIndex = 0; path = XlsReader; sourceTree = BUILT_PRODUCTS_DIR; };
		DEA0C23514B7245600BD129B /* main.cpp */ = {isa = PBXFileReference; lastKnownFileType = sourcecode.cpp.cpp; name = main.cpp; path = XlsReader2/main.cpp; sourceTree = SOURCE_ROOT; };
		DEA0C23D14B7250F00BD129B /* libxlsreader.a */ = {isa = PBXFileReference; lastKnownFileType = archive.ar; name = libxlsreader.a; path = /usr/local/libxls/lib/libxlsreader.a; sourceTree = "<absolute>"; };
		DEA9E0BA1756B39100EF52B7 /* Output1 */ = {isa = PBXFileReference; lastKnownFileType = text; path = Output1; sourceTree = "<group>"; };
		DEA9E0BB1756B39E00EF52B7 /* Output2 */ = {isa = PBXFileReference; fileEncoding = 4; lastKnownFileType = text; path = Output2; sourceTree = "<group>"; };
		DEB61A6B0F5B8CFF0031D01E /* config.h */ = {isa = PBXFileReference; fileEncoding = 4; lastKnownFileType = sourcecode.c.h; path = config.h; sourceTree = "<group>"; };
		DED4375E14B4A3AB00EDDCB6 /* projXlsReader */ = {isa = PBXFileReference; explicitFileType = "compiled.mach-o.executable"; includeInIndex = 0; path = projXlsReader; sourceTree = BUILT_PRODUCTS_DIR; };
		DED4376114B4A3AB00EDDCB6 /* CoreData.framework */ = {isa = PBXFileReference; lastKnownFileType = wrapper.framework; name = CoreData.framework; path = System/Library/Frameworks/CoreData.framework; sourceTree = SDKROOT; };
		DED4376314B4A3AB00EDDCB6 /* Foundation.framework */ = {isa = PBXFileReference; lastKnownFileType = wrapper.framework; name = Foundation.framework; path = System/Library/Frameworks/Foundation.framework; sourceTree = SDKROOT; };
/* End PBXFileReference section */

/* Begin PBXFrameworksBuildPhase section */
		8DD76FAD0486AB0100D96B5E /* Frameworks */ = {
			isa = PBXFrameworksBuildPhase;
			buildActionMask = 2147483647;
			files = (
			);
			runOnlyForDeploymentPostprocessing = 0;
		};
		DE2068E40F644D9500BBBD50 /* Frameworks */ = {
			isa = PBXFrameworksBuildPhase;
			buildActionMask = 2147483647;
			files = (
			);
			runOnlyForDeploymentPostprocessing = 0;
		};
		DE2069060F644F1E00BBBD50 /* Frameworks */ = {
			isa = PBXFrameworksBuildPhase;
			buildActionMask = 2147483647;
			files = (
			);
			runOnlyForDeploymentPostprocessing = 0;
		};
		DE20691E0F644FEA00BBBD50 /* Frameworks */ = {
			isa = PBXFrameworksBuildPhase;
			buildActionMask = 2147483647;
			files = (
			);
			runOnlyForDeploymentPostprocessing = 0;
		};
		DEA0C22F14B7245600BD129B /* Frameworks */ = {
			isa = PBXFrameworksBuildPhase;
			buildActionMask = 2147483647;
			files = (
				DEA0C23E14B7250F00BD129B /* libxlsreader.a in Frameworks */,
			);
			runOnlyForDeploymentPostprocessing = 0;
		};
		DED4375B14B4A3AB00EDDCB6 /* Frameworks */ = {
			isa = PBXFrameworksBuildPhase;
			buildActionMask = 2147483647;
			files = (
				DEA0C22D14B7235700BD129B /* libiconv.dylib in Frameworks */,
			);
			runOnlyForDeploymentPostprocessing = 0;
		};
/* End PBXFrameworksBuildPhase section */

/* Begin PBXGroup section */
		08FB7794FE84155DC02AAC07 /* libXlsTester */ = {
			isa = PBXGroup;
			children = (
				DEA9E0BA1756B39100EF52B7 /* Output1 */,
				DEA9E0BB1756B39E00EF52B7 /* Output2 */,
				DE63B81917382DC000CCFACC /* config.h.in */,
				DE63B81A17382DC000CCFACC /* Makefile.am */,
				DE63B81B173835AC00CCFACC /* Makefile.in */,
				DE63B80B1737EDAF00CCFACC /* main.c */,
				DE63B7EF1737EC7900CCFACC /* configure */,
				DE63B7F01737EC7900CCFACC /* configure.in */,
				DEB61A6B0F5B8CFF0031D01E /* config.h */,
				DE26331B1881CF800022FB26 /* formulas */,
				DE63B7F11737ECC100CCFACC /* cplusplus */,
				DE63B7F61737ECFA00CCFACC /* include */,
				DED4376514B4A3AB00EDDCB6 /* XlsReader */,
				DE63B8031737ED2800CCFACC /* src */,
				DED4376014B4A3AB00EDDCB6 /* Frameworks */,
				1AB674ADFE9D54B511CA2CBB /* Products */,
			);
			name = libXlsTester;
			sourceTree = "<group>";
		};
		1AB674ADFE9D54B511CA2CBB /* Products */ = {
			isa = PBXGroup;
			children = (
				8DD76FB20486AB0100D96B5E /* libXlsTester */,
				DE2068E60F644D9500BBBD50 /* xlscsv */,
				DE2069080F644F1E00BBBD50 /* Test */,
				DE2069200F644FEA00BBBD50 /* Test2 */,
				DED4375E14B4A3AB00EDDCB6 /* projXlsReader */,
				DEA0C23214B7245600BD129B /* XlsReader */,
			);
			name = Products;
			sourceTree = "<group>";
		};
		DE26331B1881CF800022FB26 /* formulas */ = {
			isa = PBXGroup;
			children = (
				DE26331D1881CF800022FB26 /* xlsformula.h */,
				DE26331C1881CF800022FB26 /* xlsformula.c */,
			);
			name = formulas;
			path = ../libxls/formulas;
			sourceTree = "<group>";
		};
		DE63B7F11737ECC100CCFACC /* cplusplus */ = {
			isa = PBXGroup;
			children = (
				DE63B7F21737ECC100CCFACC /* main.cpp */,
				DE63B7F31737ECC100CCFACC /* Makefile */,
				DE63B7F41737ECC100CCFACC /* XlsReader.cpp */,
				DE63B7F51737ECC100CCFACC /* XlsReader.h */,
			);
			name = cplusplus;
			path = ../libxls/cplusplus;
			sourceTree = "<group>";
		};
		DE63B7F61737ECFA00CCFACC /* include */ = {
			isa = PBXGroup;
			children = (
				DE63B7F71737ECFA00CCFACC /* libxls */,
				DE63B8011737ECFA00CCFACC /* Makefile.am */,
				DE63B8021737ECFA00CCFACC /* Makefile.in */,
			);
			name = include;
			path = ../libxls/include;
			sourceTree = "<group>";
		};
		DE63B7F71737ECFA00CCFACC /* libxls */ = {
			isa = PBXGroup;
			children = (
				DE63B7F81737ECFA00CCFACC /* brdb.c.h */,
				DE63B7F91737ECFA00CCFACC /* brdb.h */,
				DE63B8111737EE4D00CCFACC /* endian.h */,
				DE63B7FA1737ECFA00CCFACC /* Makefile.am */,
				DE63B7FB1737ECFA00CCFACC /* Makefile.in */,
				DE63B7FC1737ECFA00CCFACC /* ole.h */,
				DE63B7FD1737ECFA00CCFACC /* xls.h */,
				DE63B7FE1737ECFA00CCFACC /* xlsstruct.h */,
				DE63B7FF1737ECFA00CCFACC /* xlstool.h */,
				DE63B8001737ECFA00CCFACC /* xlstypes.h */,
			);
			path = libxls;
			sourceTree = "<group>";
		};
		DE63B8031737ED2800CCFACC /* src */ = {
			isa = PBXGroup;
			children = (
				DE63B8121737EE6200CCFACC /* endian.c */,
				DE63B8041737ED2800CCFACC /* getopt.c */,
				DE63B8051737ED2800CCFACC /* Makefile.am */,
				DE63B8061737ED2800CCFACC /* Makefile.in */,
				DE63B8071737ED2800CCFACC /* ole.c */,
				DE63B8081737ED2800CCFACC /* xls.c */,
				DE63B8091737ED2800CCFACC /* xls2csv.c */,
				DE63B80A1737ED2800CCFACC /* xlstool.c */,
			);
			name = src;
			path = ../libxls/src;
			sourceTree = "<group>";
		};
		DED4376014B4A3AB00EDDCB6 /* Frameworks */ = {
			isa = PBXGroup;
			children = (
				DEA0C22C14B7235700BD129B /* libiconv.dylib */,
				DEA0C23D14B7250F00BD129B /* libxlsreader.a */,
				DED4376114B4A3AB00EDDCB6 /* CoreData.framework */,
				DED4376314B4A3AB00EDDCB6 /* Foundation.framework */,
			);
			name = Frameworks;
			sourceTree = "<group>";
		};
		DED4376514B4A3AB00EDDCB6 /* XlsReader */ = {
			isa = PBXGroup;
			children = (
				DEA0C23514B7245600BD129B /* main.cpp */,
			);
			path = XlsReader;
			sourceTree = "<group>";
		};
/* End PBXGroup section */

/* Begin PBXNativeTarget section */
		8DD76FA90486AB0100D96B5E /* libXlsTester */ = {
			isa = PBXNativeTarget;
			buildConfigurationList = 1DEB928508733DD80010E9CD /* Build configuration list for PBXNativeTarget "libXlsTester" */;
			buildPhases = (
				8DD76FAB0486AB0100D96B5E /* Sources */,
				8DD76FAD0486AB0100D96B5E /* Frameworks */,
				8DD76FAF0486AB0100D96B5E /* CopyFiles */,
			);
			buildRules = (
			);
			dependencies = (
			);
			name = libXlsTester;
			productInstallPath = "$(HOME)/bin";
			productName = libXlsTester;
			productReference = 8DD76FB20486AB0100D96B5E /* libXlsTester */;
			productType = "com.apple.product-type.tool";
		};
		DE2068E50F644D9500BBBD50 /* xls2csv */ = {
			isa = PBXNativeTarget;
			buildConfigurationList = DE2068EA0F644DC700BBBD50 /* Build configuration list for PBXNativeTarget "xls2csv" */;
			buildPhases = (
				DE2068E30F644D9500BBBD50 /* Sources */,
				DE2068E40F644D9500BBBD50 /* Frameworks */,
			);
			buildRules = (
			);
			dependencies = (
			);
			name = xls2csv;
			productName = xlscsv;
			productReference = DE2068E60F644D9500BBBD50 /* xlscsv */;
			productType = "com.apple.product-type.tool";
		};
		DE2069070F644F1E00BBBD50 /* Test1 */ = {
			isa = PBXNativeTarget;
			buildConfigurationList = DE2069170F644F6A00BBBD50 /* Build configuration list for PBXNativeTarget "Test1" */;
			buildPhases = (
				DE2069050F644F1E00BBBD50 /* Sources */,
				DE2069060F644F1E00BBBD50 /* Frameworks */,
			);
			buildRules = (
			);
			dependencies = (
			);
			name = Test1;
			productName = Test;
			productReference = DE2069080F644F1E00BBBD50 /* Test */;
			productType = "com.apple.product-type.tool";
		};
		DE20691F0F644FEA00BBBD50 /* Test2 */ = {
			isa = PBXNativeTarget;
			buildConfigurationList = DE20692E0F64503600BBBD50 /* Build configuration list for PBXNativeTarget "Test2" */;
			buildPhases = (
				DE20691D0F644FEA00BBBD50 /* Sources */,
				DE20691E0F644FEA00BBBD50 /* Frameworks */,
			);
			buildRules = (
			);
			dependencies = (
			);
			name = Test2;
			productName = Test2;
			productReference = DE2069200F644FEA00BBBD50 /* Test2 */;
			productType = "com.apple.product-type.tool";
		};
		DEA0C23114B7245600BD129B /* XlsReader */ = {
			isa = PBXNativeTarget;
			buildConfigurationList = DEA0C23914B7245600BD129B /* Build configuration list for PBXNativeTarget "XlsReader" */;
			buildPhases = (
				DEA0C22E14B7245600BD129B /* Sources */,
				DEA0C22F14B7245600BD129B /* Frameworks */,
				DEA0C23014B7245600BD129B /* CopyFiles */,
			);
			buildRules = (
			);
			dependencies = (
			);
			name = XlsReader;
			productName = XlsReader2;
			productReference = DEA0C23214B7245600BD129B /* XlsReader */;
			productType = "com.apple.product-type.tool";
		};
		DED4375D14B4A3AB00EDDCB6 /* projXlsReader */ = {
			isa = PBXNativeTarget;
			buildConfigurationList = DED4376F14B4A3AB00EDDCB6 /* Build configuration list for PBXNativeTarget "projXlsReader" */;
			buildPhases = (
				DED4375A14B4A3AB00EDDCB6 /* Sources */,
				DED4375B14B4A3AB00EDDCB6 /* Frameworks */,
				DED4375C14B4A3AB00EDDCB6 /* CopyFiles */,
			);
			buildRules = (
			);
			dependencies = (
			);
			name = projXlsReader;
			productName = XlsReader;
			productReference = DED4375E14B4A3AB00EDDCB6 /* projXlsReader */;
			productType = "com.apple.product-type.tool";
		};
/* End PBXNativeTarget section */

/* Begin PBXProject section */
		08FB7793FE84155DC02AAC07 /* Project object */ = {
			isa = PBXProject;
			attributes = {
				LastUpgradeCheck = 0510;
			};
			buildConfigurationList = 1DEB928908733DD80010E9CD /* Build configuration list for PBXProject "libXlsTester" */;
			compatibilityVersion = "Xcode 3.2";
			developmentRegion = English;
			hasScannedForEncodings = 1;
			knownRegions = (
				en,
			);
			mainGroup = 08FB7794FE84155DC02AAC07 /* libXlsTester */;
			projectDirPath = "";
			projectRoot = "";
			targets = (
				8DD76FA90486AB0100D96B5E /* libXlsTester */,
				DE2068E50F644D9500BBBD50 /* xls2csv */,
				DE2069070F644F1E00BBBD50 /* Test1 */,
				DE20691F0F644FEA00BBBD50 /* Test2 */,
				DED4375D14B4A3AB00EDDCB6 /* projXlsReader */,
				DEA0C23114B7245600BD129B /* XlsReader */,
			);
		};
/* End PBXProject section */

/* Begin PBXSourcesBuildPhase section */
		8DD76FAB0486AB0100D96B5E /* Sources */ = {
			isa = PBXSourcesBuildPhase;
			buildActionMask = 2147483647;
			files = (
				DE63B80C1737EDAF00CCFACC /* main.c in Sources */,
				DE63B80D1737EDDF00CCFACC /* getopt.c in Sources */,
				DE63B80E1737EDE400CCFACC /* ole.c in Sources */,
				DE63B80F1737EDE900CCFACC /* xls.c in Sources */,
				DE63B8101737EDF300CCFACC /* xlstool.c in Sources */,
				DE26331E1881CF800022FB26 /* xlsformula.c in Sources */,
				DE63B8131737EE6200CCFACC /* endian.c in Sources */,
			);
			runOnlyForDeploymentPostprocessing = 0;
		};
		DE2068E30F644D9500BBBD50 /* Sources */ = {
			isa = PBXSourcesBuildPhase;
			buildActionMask = 2147483647;
			files = (
				DE6F64E718845947002ABCE6 /* xls.c in Sources */,
				DE63B8141737EE6200CCFACC /* endian.c in Sources */,
				DE6F64E51884593D002ABCE6 /* getopt.c in Sources */,
				DE6F64E618845942002ABCE6 /* ole.c in Sources */,
				DE6F64E318845875002ABCE6 /* xls2csv.c in Sources */,
				DE6F64E81884594F002ABCE6 /* xlstool.c in Sources */,
			);
			runOnlyForDeploymentPostprocessing = 0;
		};
		DE2069050F644F1E00BBBD50 /* Sources */ = {
			isa = PBXSourcesBuildPhase;
			buildActionMask = 2147483647;
			files = (
				DE63B8151737EE6200CCFACC /* endian.c in Sources */,
			);
			runOnlyForDeploymentPostprocessing = 0;
		};
		DE20691D0F644FEA00BBBD50 /* Sources */ = {
			isa = PBXSourcesBuildPhase;
			buildActionMask = 2147483647;
			files = (
				DE63B8161737EE6200CCFACC /* endian.c in Sources */,
			);
			runOnlyForDeploymentPostprocessing = 0;
		};
		DEA0C22E14B7245600BD129B /* Sources */ = {
			isa = PBXSourcesBuildPhase;
			buildActionMask = 2147483647;
			files = (
				DE6F64E41884587E002ABCE6 /* XlsReader.cpp in Sources */,
				DE63B8181737EE6200CCFACC /* endian.c in Sources */,
			);
			runOnlyForDeploymentPostprocessing = 0;
		};
		DED4375A14B4A3AB00EDDCB6 /* Sources */ = {
			isa = PBXSourcesBuildPhase;
			buildActionMask = 2147483647;
			files = (
				DE63B8171737EE6200CCFACC /* endian.c in Sources */,
			);
			runOnlyForDeploymentPostprocessing = 0;
		};
/* End PBXSourcesBuildPhase section */

/* Begin XCBuildConfiguration section */
		1DEB928608733DD80010E9CD /* Debug */ = {
			isa = XCBuildConfiguration;
			buildSettings = {
				COPY_PHASE_STRIP = NO;
				GCC_DYNAMIC_NO_PIC = NO;
				GCC_MODEL_TUNING = G5;
				GCC_OPTIMIZATION_LEVEL = 0;
				INSTALL_PATH = /usr/local/bin;
				PRODUCT_NAME = libXlsTester;
				ZERO_LINK = YES;
			};
			name = Debug;
		};
		1DEB928708733DD80010E9CD /* Release */ = {
			isa = XCBuildConfiguration;
			buildSettings = {
				DEBUG_INFORMATION_FORMAT = "dwarf-with-dsym";
				GCC_MODEL_TUNING = G5;
				INSTALL_PATH = /usr/local/bin;
				PRODUCT_NAME = libXlsTester;
			};
			name = Release;
		};
		1DEB928A08733DD80010E9CD /* Debug */ = {
			isa = XCBuildConfiguration;
			buildSettings = {
				ALWAYS_SEARCH_USER_PATHS = YES;
				GCC_C_LANGUAGE_STANDARD = c99;
				GCC_WARN_ABOUT_RETURN_TYPE = YES;
				GCC_WARN_UNUSED_VARIABLE = YES;
				HEADER_SEARCH_PATHS = "./**";
				LINK_WITH_STANDARD_LIBRARIES = YES;
				ONLY_ACTIVE_ARCH = YES;
				OTHER_LDFLAGS = "-liconv";
				SDKROOT = macosx;
			};
			name = Debug;
		};
		1DEB928B08733DD80010E9CD /* Release */ = {
			isa = XCBuildConfiguration;
			buildSettings = {
				ALWAYS_SEARCH_USER_PATHS = YES;
				GCC_C_LANGUAGE_STANDARD = c99;
				GCC_WARN_ABOUT_RETURN_TYPE = YES;
				GCC_WARN_UNUSED_VARIABLE = YES;
				HEADER_SEARCH_PATHS = "./**";
				LINK_WITH_STANDARD_LIBRARIES = YES;
				OTHER_LDFLAGS = "-liconv";
				SDKROOT = macosx;
			};
			name = Release;
		};
		DE2068E80F644D9600BBBD50 /* Debug */ = {
			isa = XCBuildConfiguration;
			buildSettings = {
				ALWAYS_SEARCH_USER_PATHS = YES;
				COPY_PHASE_STRIP = NO;
				GCC_DYNAMIC_NO_PIC = NO;
				GCC_MODEL_TUNING = G5;
				GCC_OPTIMIZATION_LEVEL = 0;
				INSTALL_PATH = /usr/local/bin;
				PRODUCT_NAME = xlscsv;
			};
			name = Debug;
		};
		DE2068E90F644D9600BBBD50 /* Release */ = {
			isa = XCBuildConfiguration;
			buildSettings = {
				ALWAYS_SEARCH_USER_PATHS = YES;
				COPY_PHASE_STRIP = YES;
				DEBUG_INFORMATION_FORMAT = "dwarf-with-dsym";
				GCC_MODEL_TUNING = G5;
				INSTALL_PATH = /usr/local/bin;
				PRODUCT_NAME = xlscsv;
				ZERO_LINK = NO;
			};
			name = Release;
		};
		DE20690A0F644F1F00BBBD50 /* Debug */ = {
			isa = XCBuildConfiguration;
			buildSettings = {
				ALWAYS_SEARCH_USER_PATHS = NO;
				COPY_PHASE_STRIP = NO;
				GCC_DYNAMIC_NO_PIC = NO;
				GCC_MODEL_TUNING = G5;
				GCC_OPTIMIZATION_LEVEL = 0;
				INSTALL_PATH = /usr/local/bin;
				PRODUCT_NAME = Test;
			};
			name = Debug;
		};
		DE20690B0F644F1F00BBBD50 /* Release */ = {
			isa = XCBuildConfiguration;
			buildSettings = {
				ALWAYS_SEARCH_USER_PATHS = NO;
				COPY_PHASE_STRIP = YES;
				DEBUG_INFORMATION_FORMAT = "dwarf-with-dsym";
				GCC_MODEL_TUNING = G5;
				INSTALL_PATH = /usr/local/bin;
				PRODUCT_NAME = Test;
				ZERO_LINK = NO;
			};
			name = Release;
		};
		DE2069220F644FEB00BBBD50 /* Debug */ = {
			isa = XCBuildConfiguration;
			buildSettings = {
				ALWAYS_SEARCH_USER_PATHS = NO;
				COPY_PHASE_STRIP = NO;
				GCC_DYNAMIC_NO_PIC = NO;
				GCC_MODEL_TUNING = G5;
				GCC_OPTIMIZATION_LEVEL = 0;
				INSTALL_PATH = /usr/local/bin;
				PRODUCT_NAME = Test2;
			};
			name = Debug;
		};
		DE2069230F644FEB00BBBD50 /* Release */ = {
			isa = XCBuildConfiguration;
			buildSettings = {
				ALWAYS_SEARCH_USER_PATHS = NO;
				COPY_PHASE_STRIP = YES;
				DEBUG_INFORMATION_FORMAT = "dwarf-with-dsym";
				GCC_MODEL_TUNING = G5;
				INSTALL_PATH = /usr/local/bin;
				PRODUCT_NAME = Test2;
				ZERO_LINK = NO;
			};
			name = Release;
		};
		DEA0C23A14B7245600BD129B /* Debug */ = {
			isa = XCBuildConfiguration;
			buildSettings = {
				ALWAYS_SEARCH_USER_PATHS = NO;
				COPY_PHASE_STRIP = NO;
				GCC_C_LANGUAGE_STANDARD = gnu99;
				GCC_DYNAMIC_NO_PIC = NO;
				GCC_ENABLE_OBJC_EXCEPTIONS = YES;
				GCC_OPTIMIZATION_LEVEL = 0;
				GCC_PREPROCESSOR_DEFINITIONS = (
					"DEBUG=1",
					"$(inherited)",
				);
				GCC_SYMBOLS_PRIVATE_EXTERN = NO;
				GCC_VERSION = com.apple.compilers.llvm.clang.1_0;
				GCC_WARN_64_TO_32_BIT_CONVERSION = YES;
				GCC_WARN_ABOUT_MISSING_PROTOTYPES = YES;
				HEADER_SEARCH_PATHS = "/usr/local/libxls/include/**";
				LIBRARY_SEARCH_PATHS = /usr/local/libxls/lib;
				MACOSX_DEPLOYMENT_TARGET = 10.7;
				ONLY_ACTIVE_ARCH = YES;
				PRODUCT_NAME = "$(TARGET_NAME)";
			};
			name = Debug;
		};
		DEA0C23B14B7245600BD129B /* Release */ = {
			isa = XCBuildConfiguration;
			buildSettings = {
				ALWAYS_SEARCH_USER_PATHS = NO;
				COPY_PHASE_STRIP = YES;
				DEBUG_INFORMATION_FORMAT = "dwarf-with-dsym";
				GCC_C_LANGUAGE_STANDARD = gnu99;
				GCC_ENABLE_OBJC_EXCEPTIONS = YES;
				GCC_VERSION = com.apple.compilers.llvm.clang.1_0;
				GCC_WARN_64_TO_32_BIT_CONVERSION = YES;
				GCC_WARN_ABOUT_MISSING_PROTOTYPES = YES;
				HEADER_SEARCH_PATHS = "/usr/local/libxls/include/**";
				LIBRARY_SEARCH_PATHS = /usr/local/libxls/lib;
				MACOSX_DEPLOYMENT_TARGET = 10.7;
				PRODUCT_NAME = "$(TARGET_NAME)";
			};
			name = Release;
		};
		DED4377014B4A3AB00EDDCB6 /* Debug */ = {
			isa = XCBuildConfiguration;
			buildSettings = {
				ALWAYS_SEARCH_USER_PATHS = NO;
				COPY_PHASE_STRIP = NO;
				DEAD_CODE_STRIPPING = YES;
				GCC_C_LANGUAGE_STANDARD = c99;
				GCC_DYNAMIC_NO_PIC = NO;
				GCC_ENABLE_OBJC_EXCEPTIONS = YES;
				GCC_ENABLE_OBJC_GC = unsupported;
				GCC_OPTIMIZATION_LEVEL = 0;
				GCC_PRECOMPILE_PREFIX_HEADER = NO;
				GCC_PREFIX_HEADER = "";
				GCC_PREPROCESSOR_DEFINITIONS = (
					"DEBUG=1",
					"$(inherited)",
				);
				GCC_SYMBOLS_PRIVATE_EXTERN = NO;
				GCC_VERSION = com.apple.compilers.llvm.clang.1_0;
				GCC_WARN_64_TO_32_BIT_CONVERSION = YES;
				GCC_WARN_ABOUT_MISSING_PROTOTYPES = YES;
				HEADER_SEARCH_PATHS = (
					./libxls,
					./libxls/include,
					./libxls/include/libxls,
					./libxls/cplusplus,
				);
				MACOSX_DEPLOYMENT_TARGET = 10.7;
				ONLY_ACTIVE_ARCH = YES;
				OTHER_LDFLAGS = "";
				PRODUCT_NAME = "$(TARGET_NAME)";
			};
			name = Debug;
		};
		DED4377114B4A3AB00EDDCB6 /* Release */ = {
			isa = XCBuildConfiguration;
			buildSettings = {
				ALWAYS_SEARCH_USER_PATHS = NO;
				COPY_PHASE_STRIP = YES;
				DEAD_CODE_STRIPPING = YES;
				DEBUG_INFORMATION_FORMAT = "dwarf-with-dsym";
				GCC_C_LANGUAGE_STANDARD = c99;
				GCC_ENABLE_OBJC_EXCEPTIONS = YES;
				GCC_ENABLE_OBJC_GC = unsupported;
				GCC_PRECOMPILE_PREFIX_HEADER = NO;
				GCC_PREFIX_HEADER = "";
				GCC_VERSION = com.apple.compilers.llvm.clang.1_0;
				GCC_WARN_64_TO_32_BIT_CONVERSION = YES;
				GCC_WARN_ABOUT_MISSING_PROTOTYPES = YES;
				HEADER_SEARCH_PATHS = (
					./libxls,
					./libxls/include,
					./libxls/include/libxls,
					./libxls/cplusplus,
				);
				MACOSX_DEPLOYMENT_TARGET = 10.7;
				OTHER_LDFLAGS = "";
				PRODUCT_NAME = "$(TARGET_NAME)";
			};
			name = Release;
		};
/* End XCBuildConfiguration section */

/* Begin XCConfigurationList section */
		1DEB928508733DD80010E9CD /* Build configuration list for PBXNativeTarget "libXlsTester" */ = {
			isa = XCConfigurationList;
			buildConfigurations = (
				1DEB928608733DD80010E9CD /* Debug */,
				1DEB928708733DD80010E9CD /* Release */,
			);
			defaultConfigurationIsVisible = 0;
			defaultConfigurationName = Release;
		};
		1DEB928908733DD80010E9CD /* Build configuration list for PBXProject "libXlsTester" */ = {
			isa = XCConfigurationList;
			buildConfigurations = (
				1DEB928A08733DD80010E9CD /* Debug */,
				1DEB928B08733DD80010E9CD /* Release */,
			);
			defaultConfigurationIsVisible = 0;
			defaultConfigurationName = Release;
		};
		DE2068EA0F644DC700BBBD50 /* Build configuration list for PBXNativeTarget "xls2csv" */ = {
			isa = XCConfigurationList;
			buildConfigurations = (
				DE2068E80F644D9600BBBD50 /* Debug */,
				DE2068E90F644D9600BBBD50 /* Release */,
			);
			defaultConfigurationIsVisible = 0;
			defaultConfigurationName = Release;
		};
		DE2069170F644F6A00BBBD50 /* Build configuration list for PBXNativeTarget "Test1" */ = {
			isa = XCConfigurationList;
			buildConfigurations = (
				DE20690A0F644F1F00BBBD50 /* Debug */,
				DE20690B0F644F1F00BBBD50 /* Release */,
			);
			defaultConfigurationIsVisible = 0;
			defaultConfigurationName = Release;
		};
		DE20692E0F64503600BBBD50 /* Build configuration list for PBXNativeTarget "Test2" */ = {
			isa = XCConfigurationList;
			buildConfigurations = (
				DE2069220F644FEB00BBBD50 /* Debug */,
				DE2069230F644FEB00BBBD50 /* Release */,
			);
			defaultConfigurationIsVisible = 0;
			defaultConfigurationName = Release;
		};
		DEA0C23914B7245600BD129B /* Build configuration list for PBXNativeTarget "XlsReader" */ = {
			isa = XCConfigurationList;
			buildConfigurations = (
				DEA0C23A14B7245600BD129B /* Debug */,
				DEA0C23B14B7245600BD129B /* Release */,
			);
			defaultConfigurationIsVisible = 0;
			defaultConfigurationName = Release;
		};
		DED4376F14B4A3AB00EDDCB6 /* Build configuration list for PBXNativeTarget "projXlsReader" */ = {
			isa = XCConfigurationList;
			buildConfigurations = (
				DED4377014B4A3AB00EDDCB6 /* Debug */,
				DED4377114B4A3AB00EDDCB6 /* Release */,
			);
			defaultConfigurationIsVisible = 0;
			defaultConfigurationName = Release;
		};
/* End XCConfigurationList section */
	};
	rootObject = 08FB7793FE84155DC02AAC07 /* Project object */;
}
